
Microsoft Visual Studio Solution File, Format Version 12.00
# Visual Studio 15
VisualStudioVersion = 15.0.28307.779
MinimumVisualStudioVersion = 10.0.40219.1
Project("{FAE04EC0-301F-11D3-BF4B-00C04F79EFBC}") = "TicTacToe", "TicTacToe\TicTacToe.csproj", "{2360C100-C936-42BC-8236-C0FF859631BA}"
EndProject
Global
	GlobalSection(SolutionConfigurationPlatforms) = preSolution
		Debug|Any CPU = Debug|Any CPU
		Release|Any CPU = Release|Any CPU
	EndGlobalSection
	GlobalSection(ProjectConfigurationPlatforms) = postSolution
		{2360C100-C936-42BC-8236-C0FF859631BA}.Debug|Any CPU.ActiveCfg = Debug|Any CPU
		{2360C100-C936-42BC-8236-C0FF859631BA}.Debug|Any CPU.Build.0 = Debug|Any CPU
		{2360C100-C936-42BC-8236-C0FF859631BA}.Release|Any CPU.ActiveCfg = Release|Any CPU
		{2360C100-C936-42BC-8236-C0FF859631BA}.Release|Any CPU.Build.0 = Release|Any CPU
	EndGlobalSection
	GlobalSection(SolutionProperties) = preSolution
		HideSolutionNode = FALSE
	EndGlobalSection
	GlobalSection(ExtensibilityGlobals) = postSolution
		SolutionGuid = {D008D053-F4D1-4DBE-B3B5-CF774FBC10FA}
	EndGlobalSection
EndGlobal
